// !$*UTF8*$!
{
	archiveVersion = 1;
	classes = {
	};
	objectVersion = 56;
	objects = {

/* Begin PBXBuildFile section */
		46737E112C3B9A7A00148888 /* FinalProjectApp.swift in Sources */ = {isa = PBXBuildFile; fileRef = 46737E102C3B9A7A00148888 /* FinalProjectApp.swift */; };
		46737E132C3B9A7A00148888 /* ContentView.swift in Sources */ = {isa = PBXBuildFile; fileRef = 46737E122C3B9A7A00148888 /* ContentView.swift */; };
		46737E152C3B9A7B00148888 /* Assets.xcassets in Resources */ = {isa = PBXBuildFile; fileRef = 46737E142C3B9A7B00148888 /* Assets.xcassets */; };
		46737E182C3B9A7B00148888 /* Preview Assets.xcassets in Resources */ = {isa = PBXBuildFile; fileRef = 46737E172C3B9A7B00148888 /* Preview Assets.xcassets */; };
		46737E1F2C3B9ABF00148888 /* GoogleService-Info.plist in Resources */ = {isa = PBXBuildFile; fileRef = 46737E1E2C3B9ABF00148888 /* GoogleService-Info.plist */; };
		46737E222C3B9B1600148888 /* FirebaseAnalytics in Frameworks */ = {isa = PBXBuildFile; productRef = 46737E212C3B9B1600148888 /* FirebaseAnalytics */; };
		46737E242C3B9B1600148888 /* FirebaseAuth in Frameworks */ = {isa = PBXBuildFile; productRef = 46737E232C3B9B1600148888 /* FirebaseAuth */; };
		46737E262C3B9B1600148888 /* FirebaseFirestore in Frameworks */ = {isa = PBXBuildFile; productRef = 46737E252C3B9B1600148888 /* FirebaseFirestore */; };
		46737E282C3B9B1600148888 /* FirebaseFirestoreSwift in Frameworks */ = {isa = PBXBuildFile; productRef = 46737E272C3B9B1600148888 /* FirebaseFirestoreSwift */; };
		46737E2D2C3B9BDF00148888 /* QuotesViewModel.swift in Sources */ = {isa = PBXBuildFile; fileRef = 46737E2C2C3B9BDF00148888 /* QuotesViewModel.swift */; };
		46737E2F2C3B9C3400148888 /* QuoteModel.swift in Sources */ = {isa = PBXBuildFile; fileRef = 46737E2E2C3B9C3400148888 /* QuoteModel.swift */; };
		46737E312C3B9C8900148888 /* SavedQuotesView.swift in Sources */ = {isa = PBXBuildFile; fileRef = 46737E302C3B9C8900148888 /* SavedQuotesView.swift */; };
		46737E332C3B9CB200148888 /* QuoteDetailView.swift in Sources */ = {isa = PBXBuildFile; fileRef = 46737E322C3B9CB200148888 /* QuoteDetailView.swift */; };
		46737E352C3B9CE400148888 /* SignInView.swift in Sources */ = {isa = PBXBuildFile; fileRef = 46737E342C3B9CE400148888 /* SignInView.swift */; };
		46737E372C3B9CED00148888 /* SignUpView.swift in Sources */ = {isa = PBXBuildFile; fileRef = 46737E362C3B9CED00148888 /* SignUpView.swift */; };
/* End PBXBuildFile section */

/* Begin PBXFileReference section */
		46737E0D2C3B9A7A00148888 /* FinalProject.app */ = {isa = PBXFileReference; explicitFileType = wrapper.application; includeInIndex = 0; path = FinalProject.app; sourceTree = BUILT_PRODUCTS_DIR; };
		46737E102C3B9A7A00148888 /* FinalProjectApp.swift */ = {isa = PBXFileReference; lastKnownFileType = sourcecode.swift; path = FinalProjectApp.swift; sourceTree = "<group>"; };
		46737E122C3B9A7A00148888 /* ContentView.swift */ = {isa = PBXFileReference; lastKnownFileType = sourcecode.swift; path = ContentView.swift; sourceTree = "<group>"; };
		46737E142C3B9A7B00148888 /* Assets.xcassets */ = {isa = PBXFileReference; lastKnownFileType = folder.assetcatalog; path = Assets.xcassets; sourceTree = "<group>"; };
		46737E172C3B9A7B00148888 /* Preview Assets.xcassets */ = {isa = PBXFileReference; lastKnownFileType = folder.assetcatalog; path = "Preview Assets.xcassets"; sourceTree = "<group>"; };
		46737E1E2C3B9ABF00148888 /* GoogleService-Info.plist */ = {isa = PBXFileReference; fileEncoding = 4; lastKnownFileType = text.plist.xml; name = "GoogleService-Info.plist"; path = "../../../Downloads/GoogleService-Info.plist"; sourceTree = "<group>"; };
		46737E2C2C3B9BDF00148888 /* QuotesViewModel.swift */ = {isa = PBXFileReference; lastKnownFileType = sourcecode.swift; path = QuotesViewModel.swift; sourceTree = "<group>"; };
		46737E2E2C3B9C3400148888 /* QuoteModel.swift */ = {isa = PBXFileReference; lastKnownFileType = sourcecode.swift; path = QuoteModel.swift; sourceTree = "<group>"; };
		46737E302C3B9C8900148888 /* SavedQuotesView.swift */ = {isa = PBXFileReference; lastKnownFileType = sourcecode.swift; path = SavedQuotesView.swift; sourceTree = "<group>"; };
		46737E322C3B9CB200148888 /* QuoteDetailView.swift */ = {isa = PBXFileReference; lastKnownFileType = sourcecode.swift; path = QuoteDetailView.swift; sourceTree = "<group>"; };
		46737E342C3B9CE400148888 /* SignInView.swift */ = {isa = PBXFileReference; lastKnownFileType = sourcecode.swift; path = SignInView.swift; sourceTree = "<group>"; };
		46737E362C3B9CED00148888 /* SignUpView.swift */ = {isa = PBXFileReference; lastKnownFileType = sourcecode.swift; path = SignUpView.swift; sourceTree = "<group>"; };
/* End PBXFileReference section */

/* Begin PBXFrameworksBuildPhase section */
		46737E0A2C3B9A7A00148888 /* Frameworks */ = {
			isa = PBXFrameworksBuildPhase;
			buildActionMask = 2147483647;
			files = (
				46737E222C3B9B1600148888 /* FirebaseAnalytics in Frameworks */,
				46737E242C3B9B1600148888 /* FirebaseAuth in Frameworks */,
				46737E262C3B9B1600148888 /* FirebaseFirestore in Frameworks */,
				46737E282C3B9B1600148888 /* FirebaseFirestoreSwift in Frameworks */,
			);
			runOnlyForDeploymentPostprocessing = 0;
		};
/* End PBXFrameworksBuildPhase section */

/* Begin PBXGroup section */
		46737E042C3B9A7A00148888 = {
			isa = PBXGroup;
			children = (
				46737E0F2C3B9A7A00148888 /* FinalProject */,
				46737E0E2C3B9A7A00148888 /* Products */,
			);
			sourceTree = "<group>";
		};
		46737E0E2C3B9A7A00148888 /* Products */ = {
			isa = PBXGroup;
			children = (
				46737E0D2C3B9A7A00148888 /* FinalProject.app */,
			);
			name = Products;
			sourceTree = "<group>";
		};
		46737E0F2C3B9A7A00148888 /* FinalProject */ = {
			isa = PBXGroup;
			children = (
				46737E2B2C3B9BBD00148888 /* Models */,
				46737E2A2C3B9BB600148888 /* ViewModels */,
				46737E292C3B9B9F00148888 /* Views */,
				46737E1E2C3B9ABF00148888 /* GoogleService-Info.plist */,
				46737E102C3B9A7A00148888 /* FinalProjectApp.swift */,
				46737E142C3B9A7B00148888 /* Assets.xcassets */,
				46737E162C3B9A7B00148888 /* Preview Content */,
			);
			path = FinalProject;
			sourceTree = "<group>";
		};
		46737E162C3B9A7B00148888 /* Preview Content */ = {
			isa = PBXGroup;
			children = (
				46737E172C3B9A7B00148888 /* Preview Assets.xcassets */,
			);
			path = "Preview Content";
			sourceTree = "<group>";
		};
		46737E292C3B9B9F00148888 /* Views */ = {
			isa = PBXGroup;
			children = (
				46737E122C3B9A7A00148888 /* ContentView.swift */,
				46737E302C3B9C8900148888 /* SavedQuotesView.swift */,
				46737E322C3B9CB200148888 /* QuoteDetailView.swift */,
				46737E342C3B9CE400148888 /* SignInView.swift */,
				46737E362C3B9CED00148888 /* SignUpView.swift */,
			);
			path = Views;
			sourceTree = "<group>";
		};
		46737E2A2C3B9BB600148888 /* ViewModels */ = {
			isa = PBXGroup;
			children = (
				46737E2C2C3B9BDF00148888 /* QuotesViewModel.swift */,
			);
			path = ViewModels;
			sourceTree = "<group>";
		};
		46737E2B2C3B9BBD00148888 /* Models */ = {
			isa = PBXGroup;
			children = (
				46737E2E2C3B9C3400148888 /* QuoteModel.swift */,
			);
			path = Models;
			sourceTree = "<group>";
		};
/* End PBXGroup section */

/* Begin PBXNativeTarget section */
		46737E0C2C3B9A7A00148888 /* FinalProject */ = {
			isa = PBXNativeTarget;
			buildConfigurationList = 46737E1B2C3B9A7B00148888 /* Build configuration list for PBXNativeTarget "FinalProject" */;
			buildPhases = (
				46737E092C3B9A7A00148888 /* Sources */,
				46737E0A2C3B9A7A00148888 /* Frameworks */,
				46737E0B2C3B9A7A00148888 /* Resources */,
			);
			buildRules = (
			);
			dependencies = (
			);
			name = FinalProject;
			packageProductDependencies = (
				46737E212C3B9B1600148888 /* FirebaseAnalytics */,
				46737E232C3B9B1600148888 /* FirebaseAuth */,
				46737E252C3B9B1600148888 /* FirebaseFirestore */,
				46737E272C3B9B1600148888 /* FirebaseFirestoreSwift */,
			);
			productName = FinalProject;
			productReference = 46737E0D2C3B9A7A00148888 /* FinalProject.app */;
			productType = "com.apple.product-type.application";
		};
/* End PBXNativeTarget section */

/* Begin PBXProject section */
		46737E052C3B9A7A00148888 /* Project object */ = {
			isa = PBXProject;
			attributes = {
				BuildIndependentTargetsInParallel = 1;
				LastSwiftUpdateCheck = 1540;
				LastUpgradeCheck = 1540;
				TargetAttributes = {
					46737E0C2C3B9A7A00148888 = {
						CreatedOnToolsVersion = 15.4;
					};
				};
			};
			buildConfigurationList = 46737E082C3B9A7A00148888 /* Build configuration list for PBXProject "FinalProject" */;
			compatibilityVersion = "Xcode 14.0";
			developmentRegion = en;
			hasScannedForEncodings = 0;
			knownRegions = (
				en,
				Base,
			);
			mainGroup = 46737E042C3B9A7A00148888;
			packageReferences = (
				46737E202C3B9B1600148888 /* XCRemoteSwiftPackageReference "firebase-ios-sdk" */,
			);
			productRefGroup = 46737E0E2C3B9A7A00148888 /* Products */;
			projectDirPath = "";
			projectRoot = "";
			targets = (
				46737E0C2C3B9A7A00148888 /* FinalProject */,
			);
		};
/* End PBXProject section */

/* Begin PBXResourcesBuildPhase section */
		46737E0B2C3B9A7A00148888 /* Resources */ = {
			isa = PBXResourcesBuildPhase;
			buildActionMask = 2147483647;
			files = (
				46737E182C3B9A7B00148888 /* Preview Assets.xcassets in Resources */,
				46737E152C3B9A7B00148888 /* Assets.xcassets in Resources */,
				46737E1F2C3B9ABF00148888 /* GoogleService-Info.plist in Resources */,
			);
			runOnlyForDeploymentPostprocessing = 0;
		};
/* End PBXResourcesBuildPhase section */

/* Begin PBXSourcesBuildPhase section */
		46737E092C3B9A7A00148888 /* Sources */ = {
			isa = PBXSourcesBuildPhase;
			buildActionMask = 2147483647;
			files = (
				46737E332C3B9CB200148888 /* QuoteDetailView.swift in Sources */,
				46737E352C3B9CE400148888 /* SignInView.swift in Sources */,
				46737E132C3B9A7A00148888 /* ContentView.swift in Sources */,
				46737E2D2C3B9BDF00148888 /* QuotesViewModel.swift in Sources */,
				46737E372C3B9CED00148888 /* SignUpView.swift in Sources */,
				46737E2F2C3B9C3400148888 /* QuoteModel.swift in Sources */,
				46737E112C3B9A7A00148888 /* FinalProjectApp.swift in Sources */,
				46737E312C3B9C8900148888 /* SavedQuotesView.swift in Sources */,
			);
			runOnlyForDeploymentPostprocessing = 0;
		};
/* End PBXSourcesBuildPhase section */

/* Begin XCBuildConfiguration section */
		46737E192C3B9A7B00148888 /* Debug */ = {
			isa = XCBuildConfiguration;
			buildSettings = {
				ALWAYS_SEARCH_USER_PATHS = NO;
				ASSETCATALOG_COMPILER_GENERATE_SWIFT_ASSET_SYMBOL_EXTENSIONS = YES;
				CLANG_ANALYZER_NONNULL = YES;
				CLANG_ANALYZER_NUMBER_OBJECT_CONVERSION = YES_AGGRESSIVE;
				CLANG_CXX_LANGUAGE_STANDARD = "gnu++20";
				CLANG_ENABLE_MODULES = YES;
				CLANG_ENABLE_OBJC_ARC = YES;
				CLANG_ENABLE_OBJC_WEAK = YES;
				CLANG_WARN_BLOCK_CAPTURE_AUTORELEASING = YES;
				CLANG_WARN_BOOL_CONVERSION = YES;
				CLANG_WARN_COMMA = YES;
				CLANG_WARN_CONSTANT_CONVERSION = YES;
				CLANG_WARN_DEPRECATED_OBJC_IMPLEMENTATIONS = YES;
				CLANG_WARN_DIRECT_OBJC_ISA_USAGE = YES_ERROR;
				CLANG_WARN_DOCUMENTATION_COMMENTS = YES;
				CLANG_WARN_EMPTY_BODY = YES;
				CLANG_WARN_ENUM_CONVERSION = YES;
				CLANG_WARN_INFINITE_RECURSION = YES;
				CLANG_WARN_INT_CONVERSION = YES;
				CLANG_WARN_NON_LITERAL_NULL_CONVERSION = YES;
				CLANG_WARN_OBJC_IMPLICIT_RETAIN_SELF = YES;
				CLANG_WARN_OBJC_LITERAL_CONVERSION = YES;
				CLANG_WARN_OBJC_ROOT_CLASS = YES_ERROR;
				CLANG_WARN_QUOTED_INCLUDE_IN_FRAMEWORK_HEADER = YES;
				CLANG_WARN_RANGE_LOOP_ANALYSIS = YES;
				CLANG_WARN_STRICT_PROTOTYPES = YES;
				CLANG_WARN_SUSPICIOUS_MOVE = YES;
				CLANG_WARN_UNGUARDED_AVAILABILITY = YES_AGGRESSIVE;
				CLANG_WARN_UNREACHABLE_CODE = YES;
				CLANG_WARN__DUPLICATE_METHOD_MATCH = YES;
				COPY_PHASE_STRIP = NO;
				DEBUG_INFORMATION_FORMAT = dwarf;
				ENABLE_STRICT_OBJC_MSGSEND = YES;
				ENABLE_TESTABILITY = YES;
				ENABLE_USER_SCRIPT_SANDBOXING = YES;
				GCC_C_LANGUAGE_STANDARD = gnu17;
				GCC_DYNAMIC_NO_PIC = NO;
				GCC_NO_COMMON_BLOCKS = YES;
				GCC_OPTIMIZATION_LEVEL = 0;
				GCC_PREPROCESSOR_DEFINITIONS = (
					"DEBUG=1",
					"$(inherited)",
				);
				GCC_WARN_64_TO_32_BIT_CONVERSION = YES;
				GCC_WARN_ABOUT_RETURN_TYPE = YES_ERROR;
				GCC_WARN_UNDECLARED_SELECTOR = YES;
				GCC_WARN_UNINITIALIZED_AUTOS = YES_AGGRESSIVE;
				GCC_WARN_UNUSED_FUNCTION = YES;
				GCC_WARN_UNUSED_VARIABLE = YES;
				IPHONEOS_DEPLOYMENT_TARGET = 17.5;
				LOCALIZATION_PREFERS_STRING_CATALOGS = YES;
				MTL_ENABLE_DEBUG_INFO = INCLUDE_SOURCE;
				MTL_FAST_MATH = YES;
				ONLY_ACTIVE_ARCH = YES;
				SDKROOT = iphoneos;
				SWIFT_ACTIVE_COMPILATION_CONDITIONS = "DEBUG $(inherited)";
				SWIFT_OPTIMIZATION_LEVEL = "-Onone";
			};
			name = Debug;
		};
		46737E1A2C3B9A7B00148888 /* Release */ = {
			isa = XCBuildConfiguration;
			buildSettings = {
				ALWAYS_SEARCH_USER_PATHS = NO;
				ASSETCATALOG_COMPILER_GENERATE_SWIFT_ASSET_SYMBOL_EXTENSIONS = YES;
				CLANG_ANALYZER_NONNULL = YES;
				CLANG_ANALYZER_NUMBER_OBJECT_CONVERSION = YES_AGGRESSIVE;
				CLANG_CXX_LANGUAGE_STANDARD = "gnu++20";
				CLANG_ENABLE_MODULES = YES;
				CLANG_ENABLE_OBJC_ARC = YES;
				CLANG_ENABLE_OBJC_WEAK = YES;
				CLANG_WARN_BLOCK_CAPTURE_AUTORELEASING = YES;
				CLANG_WARN_BOOL_CONVERSION = YES;
				CLANG_WARN_COMMA = YES;
				CLANG_WARN_CONSTANT_CONVERSION = YES;
				CLANG_WARN_DEPRECATED_OBJC_IMPLEMENTATIONS = YES;
				CLANG_WARN_DIRECT_OBJC_ISA_USAGE = YES_ERROR;
				CLANG_WARN_DOCUMENTATION_COMMENTS = YES;
				CLANG_WARN_EMPTY_BODY = YES;
				CLANG_WARN_ENUM_CONVERSION = YES;
				CLANG_WARN_INFINITE_RECURSION = YES;
				CLANG_WARN_INT_CONVERSION = YES;
				CLANG_WARN_NON_LITERAL_NULL_CONVERSION = YES;
				CLANG_WARN_OBJC_IMPLICIT_RETAIN_SELF = YES;
				CLANG_WARN_OBJC_LITERAL_CONVERSION = YES;
				CLANG_WARN_OBJC_ROOT_CLASS = YES_ERROR;
				CLANG_WARN_QUOTED_INCLUDE_IN_FRAMEWORK_HEADER = YES;
				CLANG_WARN_RANGE_LOOP_ANALYSIS = YES;
				CLANG_WARN_STRICT_PROTOTYPES = YES;
				CLANG_WARN_SUSPICIOUS_MOVE = YES;
				CLANG_WARN_UNGUARDED_AVAILABILITY = YES_AGGRESSIVE;
				CLANG_WARN_UNREACHABLE_CODE = YES;
				CLANG_WARN__DUPLICATE_METHOD_MATCH = YES;
				COPY_PHASE_STRIP = NO;
				DEBUG_INFORMATION_FORMAT = "dwarf-with-dsym";
				ENABLE_NS_ASSERTIONS = NO;
				ENABLE_STRICT_OBJC_MSGSEND = YES;
				ENABLE_USER_SCRIPT_SANDBOXING = YES;
				GCC_C_LANGUAGE_STANDARD = gnu17;
				GCC_NO_COMMON_BLOCKS = YES;
				GCC_WARN_64_TO_32_BIT_CONVERSION = YES;
				GCC_WARN_ABOUT_RETURN_TYPE = YES_ERROR;
				GCC_WARN_UNDECLARED_SELECTOR = YES;
				GCC_WARN_UNINITIALIZED_AUTOS = YES_AGGRESSIVE;
				GCC_WARN_UNUSED_FUNCTION = YES;
				GCC_WARN_UNUSED_VARIABLE = YES;
				IPHONEOS_DEPLOYMENT_TARGET = 17.5;
				LOCALIZATION_PREFERS_STRING_CATALOGS = YES;
				MTL_ENABLE_DEBUG_INFO = NO;
				MTL_FAST_MATH = YES;
				SDKROOT = iphoneos;
				SWIFT_COMPILATION_MODE = wholemodule;
				VALIDATE_PRODUCT = YES;
			};
			name = Release;
		};
		46737E1C2C3B9A7B00148888 /* Debug */ = {
			isa = XCBuildConfiguration;
			buildSettings = {
				ASSETCATALOG_COMPILER_APPICON_NAME = AppIcon;
				ASSETCATALOG_COMPILER_GLOBAL_ACCENT_COLOR_NAME = AccentColor;
				CODE_SIGN_STYLE = Automatic;
				CURRENT_PROJECT_VERSION = 1;
				DEVELOPMENT_ASSET_PATHS = "\"FinalProject/Preview Content\"";
				ENABLE_PREVIEWS = YES;
				GENERATE_INFOPLIST_FILE = YES;
				INFOPLIST_KEY_UIApplicationSceneManifest_Generation = YES;
				INFOPLIST_KEY_UIApplicationSupportsIndirectInputEvents = YES;
				INFOPLIST_KEY_UILaunchScreen_Generation = YES;
				INFOPLIST_KEY_UISupportedInterfaceOrientations_iPad = "UIInterfaceOrientationPortrait UIInterfaceOrientationPortraitUpsideDown UIInterfaceOrientationLandscapeLeft UIInterfaceOrientationLandscapeRight";
				INFOPLIST_KEY_UISupportedInterfaceOrientations_iPhone = "UIInterfaceOrientationPortrait UIInterfaceOrientationLandscapeLeft UIInterfaceOrientationLandscapeRight";
				LD_RUNPATH_SEARCH_PATHS = (
					"$(inherited)",
					"@executable_path/Frameworks",
				);
				MARKETING_VERSION = 1.0;
				PRODUCT_BUNDLE_IDENTIFIER = edu.auburn.final;
				PRODUCT_NAME = "$(TARGET_NAME)";
				SWIFT_EMIT_LOC_STRINGS = YES;
				SWIFT_VERSION = 5.0;
				TARGETED_DEVICE_FAMILY = "1,2";
			};
			name = Debug;
		};
		46737E1D2C3B9A7B00148888 /* Release */ = {
			isa = XCBuildConfiguration;
			buildSettings = {
				ASSETCATALOG_COMPILER_APPICON_NAME = AppIcon;
				ASSETCATALOG_COMPILER_GLOBAL_ACCENT_COLOR_NAME = AccentColor;
				CODE_SIGN_STYLE = Automatic;
				CURRENT_PROJECT_VERSION = 1;
				DEVELOPMENT_ASSET_PATHS = "\"FinalProject/Preview Content\"";
				ENABLE_PREVIEWS = YES;
				GENERATE_INFOPLIST_FILE = YES;
				INFOPLIST_KEY_UIApplicationSceneManifest_Generation = YES;
				INFOPLIST_KEY_UIApplicationSupportsIndirectInputEvents = YES;
				INFOPLIST_KEY_UILaunchScreen_Generation = YES;
				INFOPLIST_KEY_UISupportedInterfaceOrientations_iPad = "UIInterfaceOrientationPortrait UIInterfaceOrientationPortraitUpsideDown UIInterfaceOrientationLandscapeLeft UIInterfaceOrientationLandscapeRight";
				INFOPLIST_KEY_UISupportedInterfaceOrientations_iPhone = "UIInterfaceOrientationPortrait UIInterfaceOrientationLandscapeLeft UIInterfaceOrientationLandscapeRight";
				LD_RUNPATH_SEARCH_PATHS = (
					"$(inherited)",
					"@executable_path/Frameworks",
				);
				MARKETING_VERSION = 1.0;
				PRODUCT_BUNDLE_IDENTIFIER = edu.auburn.final;
				PRODUCT_NAME = "$(TARGET_NAME)";
				SWIFT_EMIT_LOC_STRINGS = YES;
				SWIFT_VERSION = 5.0;
				TARGETED_DEVICE_FAMILY = "1,2";
			};
			name = Release;
		};
/* End XCBuildConfiguration section */

/* Begin XCConfigurationList section */
		46737E082C3B9A7A00148888 /* Build configuration list for PBXProject "FinalProject" */ = {
			isa = XCConfigurationList;
			buildConfigurations = (
				46737E192C3B9A7B00148888 /* Debug */,
				46737E1A2C3B9A7B00148888 /* Release */,
			);
			defaultConfigurationIsVisible = 0;
			defaultConfigurationName = Release;
		};
		46737E1B2C3B9A7B00148888 /* Build configuration list for PBXNativeTarget "FinalProject" */ = {
			isa = XCConfigurationList;
			buildConfigurations = (
				46737E1C2C3B9A7B00148888 /* Debug */,
				46737E1D2C3B9A7B00148888 /* Release */,
			);
			defaultConfigurationIsVisible = 0;
			defaultConfigurationName = Release;
		};
/* End XCConfigurationList section */

/* Begin XCRemoteSwiftPackageReference section */
		46737E202C3B9B1600148888 /* XCRemoteSwiftPackageReference "firebase-ios-sdk" */ = {
			isa = XCRemoteSwiftPackageReference;
			repositoryURL = "https://github.com/firebase/firebase-ios-sdk";
			requirement = {
				kind = upToNextMajorVersion;
				minimumVersion = 10.28.1;
			};
		};
/* End XCRemoteSwiftPackageReference section */

/* Begin XCSwiftPackageProductDependency section */
		46737E212C3B9B1600148888 /* FirebaseAnalytics */ = {
			isa = XCSwiftPackageProductDependency;
			package = 46737E202C3B9B1600148888 /* XCRemoteSwiftPackageReference "firebase-ios-sdk" */;
			productName = FirebaseAnalytics;
		};
		46737E232C3B9B1600148888 /* FirebaseAuth */ = {
			isa = XCSwiftPackageProductDependency;
			package = 46737E202C3B9B1600148888 /* XCRemoteSwiftPackageReference "firebase-ios-sdk" */;
			productName = FirebaseAuth;
		};
		46737E252C3B9B1600148888 /* FirebaseFirestore */ = {
			isa = XCSwiftPackageProductDependency;
			package = 46737E202C3B9B1600148888 /* XCRemoteSwiftPackageReference "firebase-ios-sdk" */;
			productName = FirebaseFirestore;
		};
		46737E272C3B9B1600148888 /* FirebaseFirestoreSwift */ = {
			isa = XCSwiftPackageProductDependency;
			package = 46737E202C3B9B1600148888 /* XCRemoteSwiftPackageReference "firebase-ios-sdk" */;
			productName = FirebaseFirestoreSwift;
		};
/* End XCSwiftPackageProductDependency section */
	};
	rootObject = 46737E052C3B9A7A00148888 /* Project object */;
}
